// !$*UTF8*$!
{
	archiveVersion = 1;
	classes = {
	};
	objectVersion = 50;
	objects = {

/* Begin PBXBuildFile section */
		FC10AF302636BDBC00BED4CF /* AppDelegate.swift in Sources */ = {isa = PBXBuildFile; fileRef = FC10AF2F2636BDBC00BED4CF /* AppDelegate.swift */; };
		FC10AF322636BDBC00BED4CF /* SceneDelegate.swift in Sources */ = {isa = PBXBuildFile; fileRef = FC10AF312636BDBC00BED4CF /* SceneDelegate.swift */; };
		FC10AF342636BDBC00BED4CF /* ViewController.swift in Sources */ = {isa = PBXBuildFile; fileRef = FC10AF332636BDBC00BED4CF /* ViewController.swift */; };
		FC10AF372636BDBC00BED4CF /* Main.storyboard in Resources */ = {isa = PBXBuildFile; fileRef = FC10AF352636BDBC00BED4CF /* Main.storyboard */; };
		FC10AF392636BDBC00BED4CF /* Assets.xcassets in Resources */ = {isa = PBXBuildFile; fileRef = FC10AF382636BDBC00BED4CF /* Assets.xcassets */; };
		FC10AF3C2636BDBC00BED4CF /* LaunchScreen.storyboard in Resources */ = {isa = PBXBuildFile; fileRef = FC10AF3A2636BDBC00BED4CF /* LaunchScreen.storyboard */; };
		FC10AF4A2637A2EE00BED4CF /* NotelistTableViewController.swift in Sources */ = {isa = PBXBuildFile; fileRef = FC10AF492637A2EE00BED4CF /* NotelistTableViewController.swift */; };
		FC10AF4D2637ADAC00BED4CF /* Model.swift in Sources */ = {isa = PBXBuildFile; fileRef = FC10AF4C2637ADAC00BED4CF /* Model.swift */; };
/* End PBXBuildFile section */

/* Begin PBXFileReference section */
		FC10AF2C2636BDBC00BED4CF /* LightNote.app */ = {isa = PBXFileReference; explicitFileType = wrapper.application; includeInIndex = 0; path = LightNote.app; sourceTree = BUILT_PRODUCTS_DIR; };
		FC10AF2F2636BDBC00BED4CF /* AppDelegate.swift */ = {isa = PBXFileReference; lastKnownFileType = sourcecode.swift; path = AppDelegate.swift; sourceTree = "<group>"; };
		FC10AF312636BDBC00BED4CF /* SceneDelegate.swift */ = {isa = PBXFileReference; lastKnownFileType = sourcecode.swift; path = SceneDelegate.swift; sourceTree = "<group>"; };
		FC10AF332636BDBC00BED4CF /* ViewController.swift */ = {isa = PBXFileReference; lastKnownFileType = sourcecode.swift; path = ViewController.swift; sourceTree = "<group>"; };
		FC10AF362636BDBC00BED4CF /* Base */ = {isa = PBXFileReference; lastKnownFileType = file.storyboard; name = Base; path = Base.lproj/Main.storyboard; sourceTree = "<group>"; };
		FC10AF382636BDBC00BED4CF /* Assets.xcassets */ = {isa = PBXFileReference; lastKnownFileType = folder.assetcatalog; path = Assets.xcassets; sourceTree = "<group>"; };
		FC10AF3B2636BDBC00BED4CF /* Base */ = {isa = PBXFileReference; lastKnownFileType = file.storyboard; name = Base; path = Base.lproj/LaunchScreen.storyboard; sourceTree = "<group>"; };
		FC10AF3D2636BDBC00BED4CF /* Info.plist */ = {isa = PBXFileReference; lastKnownFileType = text.plist.xml; path = Info.plist; sourceTree = "<group>"; };
		FC10AF492637A2EE00BED4CF /* NotelistTableViewController.swift */ = {isa = PBXFileReference; lastKnownFileType = sourcecode.swift; path = NotelistTableViewController.swift; sourceTree = "<group>"; };
		FC10AF4C2637ADAC00BED4CF /* Model.swift */ = {isa = PBXFileReference; lastKnownFileType = sourcecode.swift; name = Model.swift; path = Model/Model.swift; sourceTree = "<group>"; };
/* End PBXFileReference section */

/* Begin PBXFrameworksBuildPhase section */
		FC10AF292636BDBC00BED4CF /* Frameworks */ = {
			isa = PBXFrameworksBuildPhase;
			buildActionMask = 2147483647;
			files = (
			);
			runOnlyForDeploymentPostprocessing = 0;
		};
/* End PBXFrameworksBuildPhase section */

/* Begin PBXGroup section */
		FC10AF232636BDBC00BED4CF = {
			isa = PBXGroup;
			children = (
				FC10AF2E2636BDBC00BED4CF /* LightNote */,
				FC10AF2D2636BDBC00BED4CF /* Products */,
			);
			sourceTree = "<group>";
		};
		FC10AF2D2636BDBC00BED4CF /* Products */ = {
			isa = PBXGroup;
			children = (
				FC10AF2C2636BDBC00BED4CF /* LightNote.app */,
			);
			name = Products;
			sourceTree = "<group>";
		};
		FC10AF2E2636BDBC00BED4CF /* LightNote */ = {
			isa = PBXGroup;
			children = (
				FC10AF2F2636BDBC00BED4CF /* AppDelegate.swift */,
				FC10AF312636BDBC00BED4CF /* SceneDelegate.swift */,
				FC10AF332636BDBC00BED4CF /* ViewController.swift */,
				FC10AF352636BDBC00BED4CF /* Main.storyboard */,
				FC10AF492637A2EE00BED4CF /* NotelistTableViewController.swift */,
				FC10AF382636BDBC00BED4CF /* Assets.xcassets */,
				FC10AF3A2636BDBC00BED4CF /* LaunchScreen.storyboard */,
				FC10AF3D2636BDBC00BED4CF /* Info.plist */,
				FC10AF4C2637ADAC00BED4CF /* Model.swift */,
			);
			path = LightNote;
			sourceTree = "<group>";
		};
/* End PBXGroup section */

/* Begin PBXNativeTarget section */
		FC10AF2B2636BDBC00BED4CF /* LightNote */ = {
			isa = PBXNativeTarget;
			buildConfigurationList = FC10AF402636BDBC00BED4CF /* Build configuration list for PBXNativeTarget "LightNote" */;
			buildPhases = (
				FC10AF282636BDBC00BED4CF /* Sources */,
				FC10AF292636BDBC00BED4CF /* Frameworks */,
				FC10AF2A2636BDBC00BED4CF /* Resources */,
			);
			buildRules = (
			);
			dependencies = (
			);
			name = LightNote;
			productName = LightNote;
			productReference = FC10AF2C2636BDBC00BED4CF /* LightNote.app */;
			productType = "com.apple.product-type.application";
		};
/* End PBXNativeTarget section */

/* Begin PBXProject section */
		FC10AF242636BDBC00BED4CF /* Project object */ = {
			isa = PBXProject;
			attributes = {
				LastSwiftUpdateCheck = 1240;
				LastUpgradeCheck = 1240;
				TargetAttributes = {
					FC10AF2B2636BDBC00BED4CF = {
						CreatedOnToolsVersion = 12.4;
					};
				};
			};
			buildConfigurationList = FC10AF272636BDBC00BED4CF /* Build configuration list for PBXProject "LightNote" */;
			compatibilityVersion = "Xcode 9.3";
			developmentRegion = en;
			hasScannedForEncodings = 0;
			knownRegions = (
				en,
				Base,
			);
			mainGroup = FC10AF232636BDBC00BED4CF;
			productRefGroup = FC10AF2D2636BDBC00BED4CF /* Products */;
			projectDirPath = "";
			projectRoot = "";
			targets = (
				FC10AF2B2636BDBC00BED4CF /* LightNote */,
			);
		};
/* End PBXProject section */

/* Begin PBXResourcesBuildPhase section */
		FC10AF2A2636BDBC00BED4CF /* Resources */ = {
			isa = PBXResourcesBuildPhase;
			buildActionMask = 2147483647;
			files = (
				FC10AF3C2636BDBC00BED4CF /* LaunchScreen.storyboard in Resources */,
				FC10AF392636BDBC00BED4CF /* Assets.xcassets in Resources */,
				FC10AF372636BDBC00BED4CF /* Main.storyboard in Resources */,
			);
			runOnlyForDeploymentPostprocessing = 0;
		};
/* End PBXResourcesBuildPhase section */

/* Begin PBXSourcesBuildPhase section */
		FC10AF282636BDBC00BED4CF /* Sources */ = {
			isa = PBXSourcesBuildPhase;
			buildActionMask = 2147483647;
			files = (
				FC10AF4D2637ADAC00BED4CF /* Model.swift in Sources */,
				FC10AF342636BDBC00BED4CF /* ViewController.swift in Sources */,
				FC10AF302636BDBC00BED4CF /* AppDelegate.swift in Sources */,
				FC10AF322636BDBC00BED4CF /* SceneDelegate.swift in Sources */,
				FC10AF4A2637A2EE00BED4CF /* NotelistTableViewController.swift in Sources */,
			);
			runOnlyForDeploymentPostprocessing = 0;
		};
/* End PBXSourcesBuildPhase section */

/* Begin PBXVariantGroup section */
		FC10AF352636BDBC00BED4CF /* Main.storyboard */ = {
			isa = PBXVariantGroup;
			children = (
				FC10AF362636BDBC00BED4CF /* Base */,
			);
			name = Main.storyboard;
			sourceTree = "<group>";
		};
		FC10AF3A2636BDBC00BED4CF /* LaunchScreen.storyboard */ = {
			isa = PBXVariantGroup;
			children = (
				FC10AF3B2636BDBC00BED4CF /* Base */,
			);
			name = LaunchScreen.storyboard;
			sourceTree = "<group>";
		};
/* End PBXVariantGroup section */

/* Begin XCBuildConfiguration section */
		FC10AF3E2636BDBC00BED4CF /* Debug */ = {
			isa = XCBuildConfiguration;
			buildSettings = {
				ALWAYS_SEARCH_USER_PATHS = NO;
				CLANG_ANALYZER_NONNULL = YES;
				CLANG_ANALYZER_NUMBER_OBJECT_CONVERSION = YES_AGGRESSIVE;
				CLANG_CXX_LANGUAGE_STANDARD = "gnu++14";
				CLANG_CXX_LIBRARY = "libc++";
				CLANG_ENABLE_MODULES = YES;
				CLANG_ENABLE_OBJC_ARC = YES;
				CLANG_ENABLE_OBJC_WEAK = YES;
				CLANG_WARN_BLOCK_CAPTURE_AUTORELEASING = YES;
				CLANG_WARN_BOOL_CONVERSION = YES;
				CLANG_WARN_COMMA = YES;
				CLANG_WARN_CONSTANT_CONVERSION = YES;
				CLANG_WARN_DEPRECATED_OBJC_IMPLEMENTATIONS = YES;
				CLANG_WARN_DIRECT_OBJC_ISA_USAGE = YES_ERROR;
				CLANG_WARN_DOCUMENTATION_COMMENTS = YES;
				CLANG_WARN_EMPTY_BODY = YES;
				CLANG_WARN_ENUM_CONVERSION = YES;
				CLANG_WARN_INFINITE_RECURSION = YES;
				CLANG_WARN_INT_CONVERSION = YES;
				CLANG_WARN_NON_LITERAL_NULL_CONVERSION = YES;
				CLANG_WARN_OBJC_IMPLICIT_RETAIN_SELF = YES;
				CLANG_WARN_OBJC_LITERAL_CONVERSION = YES;
				CLANG_WARN_OBJC_ROOT_CLASS = YES_ERROR;
				CLANG_WARN_QUOTED_INCLUDE_IN_FRAMEWORK_HEADER = YES;
				CLANG_WARN_RANGE_LOOP_ANALYSIS = YES;
				CLANG_WARN_STRICT_PROTOTYPES = YES;
				CLANG_WARN_SUSPICIOUS_MOVE = YES;
				CLANG_WARN_UNGUARDED_AVAILABILITY = YES_AGGRESSIVE;
				CLANG_WARN_UNREACHABLE_CODE = YES;
				CLANG_WARN__DUPLICATE_METHOD_MATCH = YES;
				COPY_PHASE_STRIP = NO;
				DEBUG_INFORMATION_FORMAT = dwarf;
				ENABLE_STRICT_OBJC_MSGSEND = YES;
				ENABLE_TESTABILITY = YES;
				GCC_C_LANGUAGE_STANDARD = gnu11;
				GCC_DYNAMIC_NO_PIC = NO;
				GCC_NO_COMMON_BLOCKS = YES;
				GCC_OPTIMIZATION_LEVEL = 0;
				GCC_PREPROCESSOR_DEFINITIONS = (
					"DEBUG=1",
					"$(inherited)",
				);
				GCC_WARN_64_TO_32_BIT_CONVERSION = YES;
				GCC_WARN_ABOUT_RETURN_TYPE = YES_ERROR;
				GCC_WARN_UNDECLARED_SELECTOR = YES;
				GCC_WARN_UNINITIALIZED_AUTOS = YES_AGGRESSIVE;
				GCC_WARN_UNUSED_FUNCTION = YES;
				GCC_WARN_UNUSED_VARIABLE = YES;
				IPHONEOS_DEPLOYMENT_TARGET = 14.4;
				MTL_ENABLE_DEBUG_INFO = INCLUDE_SOURCE;
				MTL_FAST_MATH = YES;
				ONLY_ACTIVE_ARCH = YES;
				SDKROOT = iphoneos;
				SWIFT_ACTIVE_COMPILATION_CONDITIONS = DEBUG;
				SWIFT_OPTIMIZATION_LEVEL = "-Onone";
			};
			name = Debug;
		};
		FC10AF3F2636BDBC00BED4CF /* Release */ = {
			isa = XCBuildConfiguration;
			buildSettings = {
				ALWAYS_SEARCH_USER_PATHS = NO;
				CLANG_ANALYZER_NONNULL = YES;
				CLANG_ANALYZER_NUMBER_OBJECT_CONVERSION = YES_AGGRESSIVE;
				CLANG_CXX_LANGUAGE_STANDARD = "gnu++14";
				CLANG_CXX_LIBRARY = "libc++";
				CLANG_ENABLE_MODULES = YES;
				CLANG_ENABLE_OBJC_ARC = YES;
				CLANG_ENABLE_OBJC_WEAK = YES;
				CLANG_WARN_BLOCK_CAPTURE_AUTORELEASING = YES;
				CLANG_WARN_BOOL_CONVERSION = YES;
				CLANG_WARN_COMMA = YES;
				CLANG_WARN_CONSTANT_CONVERSION = YES;
				CLANG_WARN_DEPRECATED_OBJC_IMPLEMENTATIONS = YES;
				CLANG_WARN_DIRECT_OBJC_ISA_USAGE = YES_ERROR;
				CLANG_WARN_DOCUMENTATION_COMMENTS = YES;
				CLANG_WARN_EMPTY_BODY = YES;
				CLANG_WARN_ENUM_CONVERSION = YES;
				CLANG_WARN_INFINITE_RECURSION = YES;
				CLANG_WARN_INT_CONVERSION = YES;
				CLANG_WARN_NON_LITERAL_NULL_CONVERSION = YES;
				CLANG_WARN_OBJC_IMPLICIT_RETAIN_SELF = YES;
				CLANG_WARN_OBJC_LITERAL_CONVERSION = YES;
				CLANG_WARN_OBJC_ROOT_CLASS = YES_ERROR;
				CLANG_WARN_QUOTED_INCLUDE_IN_FRAMEWORK_HEADER = YES;
				CLANG_WARN_RANGE_LOOP_ANALYSIS = YES;
				CLANG_WARN_STRICT_PROTOTYPES = YES;
				CLANG_WARN_SUSPICIOUS_MOVE = YES;
				CLANG_WARN_UNGUARDED_AVAILABILITY = YES_AGGRESSIVE;
				CLANG_WARN_UNREACHABLE_CODE = YES;
				CLANG_WARN__DUPLICATE_METHOD_MATCH = YES;
				COPY_PHASE_STRIP = NO;
				DEBUG_INFORMATION_FORMAT = "dwarf-with-dsym";
				ENABLE_NS_ASSERTIONS = NO;
				ENABLE_STRICT_OBJC_MSGSEND = YES;
				GCC_C_LANGUAGE_STANDARD = gnu11;
				GCC_NO_COMMON_BLOCKS = YES;
				GCC_WARN_64_TO_32_BIT_CONVERSION = YES;
				GCC_WARN_ABOUT_RETURN_TYPE = YES_ERROR;
				GCC_WARN_UNDECLARED_SELECTOR = YES;
				GCC_WARN_UNINITIALIZED_AUTOS = YES_AGGRESSIVE;
				GCC_WARN_UNUSED_FUNCTION = YES;
				GCC_WARN_UNUSED_VARIABLE = YES;
				IPHONEOS_DEPLOYMENT_TARGET = 14.4;
				MTL_ENABLE_DEBUG_INFO = NO;
				MTL_FAST_MATH = YES;
				SDKROOT = iphoneos;
				SWIFT_COMPILATION_MODE = wholemodule;
				SWIFT_OPTIMIZATION_LEVEL = "-O";
				VALIDATE_PRODUCT = YES;
			};
			name = Release;
		};
		FC10AF412636BDBC00BED4CF /* Debug */ = {
			isa = XCBuildConfiguration;
			buildSettings = {
				ASSETCATALOG_COMPILER_APPICON_NAME = AppIcon;
				ASSETCATALOG_COMPILER_GLOBAL_ACCENT_COLOR_NAME = AccentColor;
				CODE_SIGN_STYLE = Automatic;
				DEVELOPMENT_TEAM = N48W337W2F;
				INFOPLIST_FILE = LightNote/Info.plist;
				IPHONEOS_DEPLOYMENT_TARGET = 13.0;
				LD_RUNPATH_SEARCH_PATHS = (
					"$(inherited)",
					"@executable_path/Frameworks",
				);
				PRODUCT_BUNDLE_IDENTIFIER = com.johyeon.LightNote;
				PRODUCT_NAME = "$(TARGET_NAME)";
				SWIFT_VERSION = 5.0;
				TARGETED_DEVICE_FAMILY = "1,2";
			};
			name = Debug;
		};
		FC10AF422636BDBC00BED4CF /* Release */ = {
			isa = XCBuildConfiguration;
			buildSettings = {
				ASSETCATALOG_COMPILER_APPICON_NAME = AppIcon;
				ASSETCATALOG_COMPILER_GLOBAL_ACCENT_COLOR_NAME = AccentColor;
				CODE_SIGN_STYLE = Automatic;
				DEVELOPMENT_TEAM = N48W337W2F;
				INFOPLIST_FILE = LightNote/Info.plist;
				IPHONEOS_DEPLOYMENT_TARGET = 13.0;
				LD_RUNPATH_SEARCH_PATHS = (
					"$(inherited)",
					"@executable_path/Frameworks",
				);
				PRODUCT_BUNDLE_IDENTIFIER = com.johyeon.LightNote;
				PRODUCT_NAME = "$(TARGET_NAME)";
				SWIFT_VERSION = 5.0;
				TARGETED_DEVICE_FAMILY = "1,2";
			};
			name = Release;
		};
/* End XCBuildConfiguration section */

/* Begin XCConfigurationList section */
		FC10AF272636BDBC00BED4CF /* Build configuration list for PBXProject "LightNote" */ = {
			isa = XCConfigurationList;
			buildConfigurations = (
				FC10AF3E2636BDBC00BED4CF /* Debug */,
				FC10AF3F2636BDBC00BED4CF /* Release */,
			);
			defaultConfigurationIsVisible = 0;
			defaultConfigurationName = Release;
		};
		FC10AF402636BDBC00BED4CF /* Build configuration list for PBXNativeTarget "LightNote" */ = {
			isa = XCConfigurationList;
			buildConfigurations = (
				FC10AF412636BDBC00BED4CF /* Debug */,
				FC10AF422636BDBC00BED4CF /* Release */,
			);
			defaultConfigurationIsVisible = 0;
			defaultConfigurationName = Release;
		};
/* End XCConfigurationList section */
	};
	rootObject = FC10AF242636BDBC00BED4CF /* Project object */;
}
